
Microsoft Visual Studio Solution File, Format Version 12.00
# Visual Studio Version 16
VisualStudioVersion = 16.0.29409.12
MinimumVisualStudioVersion = 10.0.40219.1
Project("{FAE04EC0-301F-11D3-BF4B-00C04F79EFBC}") = "ProgramsForJUnitTesting", "ProgramsForJUnitTesting\ProgramsForJUnitTesting.csproj", "{DB5493F5-1CB7-47E0-A13C-B2B7F8CE2598}"
EndProject
Global
	GlobalSection(SolutionConfigurationPlatforms) = preSolution
		Debug|Any CPU = Debug|Any CPU
		Release|Any CPU = Release|Any CPU
	EndGlobalSection
	GlobalSection(ProjectConfigurationPlatforms) = postSolution
		{DB5493F5-1CB7-47E0-A13C-B2B7F8CE2598}.Debug|Any CPU.ActiveCfg = Debug|Any CPU
		{DB5493F5-1CB7-47E0-A13C-B2B7F8CE2598}.Debug|Any CPU.Build.0 = Debug|Any CPU
		{DB5493F5-1CB7-47E0-A13C-B2B7F8CE2598}.Release|Any CPU.ActiveCfg = Release|Any CPU
		{DB5493F5-1CB7-47E0-A13C-B2B7F8CE2598}.Release|Any CPU.Build.0 = Release|Any CPU
	EndGlobalSection
	GlobalSection(SolutionProperties) = preSolution
		HideSolutionNode = FALSE
	EndGlobalSection
	GlobalSection(ExtensibilityGlobals) = postSolution
		SolutionGuid = {EC12772B-39FF-46AD-8A76-3128D16561EF}
	EndGlobalSection
EndGlobal
